{
  "nodes": {
    "exon": {
      "inputs": {
        "hix": "hix_2"
      },
      "locked": {
        "lastModified": 1695070282,
        "narHash": "sha256-PNmTsnwEK4cBMNeSn52cQ7spWvdR4ngigiuh0D6zGPk=",
        "ref": "refs/heads/main",
        "rev": "c9bfe13e09c7bf9fd807789e1f66bd2880d81467",
        "revCount": 65,
        "type": "git",
        "url": "https://git.tryp.io/tek/exon"
      },
      "original": {
        "type": "git",
        "url": "https://git.tryp.io/tek/exon"
      }
    },
    "hix": {
      "inputs": {
        "nixpkgs": "nixpkgs"
      },
      "locked": {
        "lastModified": 1700936453,
        "narHash": "sha256-cIamuewmo+AmCHOqUzAGICKUnwXATUArHJboRP89f+s=",
        "ref": "refs/heads/main",
        "rev": "6d14236b37d53c9e6370dd72d8859a5f1ecdcb61",
        "revCount": 626,
        "type": "git",
        "url": "https://git.tryp.io/tek/hix"
      },
      "original": {
        "type": "git",
        "url": "https://git.tryp.io/tek/hix"
      }
    },
    "hix_2": {
      "inputs": {
        "nixpkgs": "nixpkgs_2",
        "thax": "thax"
      },
      "locked": {
        "lastModified": 1695065405,
        "narHash": "sha256-7YZRGPaFM2coVYtVqnK4ug6/1kXTjwGaVSGgu09ZBsA=",
        "ref": "refs/heads/main",
        "rev": "bb0d49863a39b1c2fe7f2c21b05f246c21920862",
        "revCount": 550,
        "type": "git",
        "url": "https://git.tryp.io/tek/hix"
      },
      "original": {
        "type": "git",
        "url": "https://git.tryp.io/tek/hix"
      }
    },
    "hix_3": {
      "inputs": {
        "nixpkgs": "nixpkgs_3",
        "thax": "thax_2"
      },
      "locked": {
        "lastModified": 1695065405,
        "narHash": "sha256-7YZRGPaFM2coVYtVqnK4ug6/1kXTjwGaVSGgu09ZBsA=",
        "ref": "refs/heads/main",
        "rev": "bb0d49863a39b1c2fe7f2c21b05f246c21920862",
        "revCount": 550,
        "type": "git",
        "url": "https://git.tryp.io/tek/hix"
      },
      "original": {
        "type": "git",
        "url": "https://git.tryp.io/tek/hix"
      }
    },
    "hix_4": {
      "inputs": {
        "nixpkgs": "nixpkgs_4",
        "thax": "thax_3"
      },
      "locked": {
        "lastModified": 1695065405,
        "narHash": "sha256-7YZRGPaFM2coVYtVqnK4ug6/1kXTjwGaVSGgu09ZBsA=",
        "ref": "refs/heads/main",
        "rev": "bb0d49863a39b1c2fe7f2c21b05f246c21920862",
        "revCount": 550,
        "type": "git",
        "url": "https://git.tryp.io/tek/hix"
      },
      "original": {
        "type": "git",
        "url": "https://git.tryp.io/tek/hix"
      }
    },
    "hix_5": {
      "inputs": {
        "nixpkgs": "nixpkgs_5",
        "thax": "thax_4"
      },
      "locked": {
        "lastModified": 1695065405,
        "narHash": "sha256-7YZRGPaFM2coVYtVqnK4ug6/1kXTjwGaVSGgu09ZBsA=",
        "ref": "refs/heads/main",
        "rev": "bb0d49863a39b1c2fe7f2c21b05f246c21920862",
        "revCount": 550,
        "type": "git",
        "url": "https://git.tryp.io/tek/hix"
      },
      "original": {
        "type": "git",
        "url": "https://git.tryp.io/tek/hix"
      }
    },
    "hix_6": {
      "inputs": {
        "nixpkgs": "nixpkgs_6",
        "thax": "thax_5"
      },
      "locked": {
        "lastModified": 1695065405,
        "narHash": "sha256-7YZRGPaFM2coVYtVqnK4ug6/1kXTjwGaVSGgu09ZBsA=",
        "ref": "refs/heads/main",
        "rev": "bb0d49863a39b1c2fe7f2c21b05f246c21920862",
        "revCount": 550,
        "type": "git",
        "url": "https://git.tryp.io/tek/hix"
      },
      "original": {
        "type": "git",
        "url": "https://git.tryp.io/tek/hix"
      }
    },
    "hix_7": {
      "inputs": {
        "nixpkgs": "nixpkgs_7",
        "thax": "thax_6"
      },
      "locked": {
        "lastModified": 1695065405,
        "narHash": "sha256-7YZRGPaFM2coVYtVqnK4ug6/1kXTjwGaVSGgu09ZBsA=",
        "ref": "refs/heads/main",
        "rev": "bb0d49863a39b1c2fe7f2c21b05f246c21920862",
        "revCount": 550,
        "type": "git",
        "url": "https://git.tryp.io/tek/hix"
      },
      "original": {
        "type": "git",
        "url": "https://git.tryp.io/tek/hix"
      }
    },
    "hix_8": {
      "inputs": {
        "nixpkgs": "nixpkgs_8",
        "thax": "thax_7"
      },
      "locked": {
        "lastModified": 1695065405,
        "narHash": "sha256-7YZRGPaFM2coVYtVqnK4ug6/1kXTjwGaVSGgu09ZBsA=",
        "ref": "refs/heads/main",
        "rev": "bb0d49863a39b1c2fe7f2c21b05f246c21920862",
        "revCount": 550,
        "type": "git",
        "url": "https://git.tryp.io/tek/hix"
      },
      "original": {
        "type": "git",
        "url": "https://git.tryp.io/tek/hix"
      }
    },
    "incipit": {
      "inputs": {
        "hix": "hix_4",
        "polysemy-log": "polysemy-log"
      },
      "locked": {
        "lastModified": 1695488926,
        "narHash": "sha256-eVuUbKboBz8SQarUBJKBOGr2NmzalVS5w6hUC7vWKLM=",
        "ref": "refs/heads/main",
        "rev": "a2c24a5af710096f38e9c2b7ed002b9fb7d155bb",
        "revCount": 71,
        "type": "git",
        "url": "https://git.tryp.io/tek/incipit"
      },
      "original": {
        "type": "git",
        "url": "https://git.tryp.io/tek/incipit"
      }
    },
    "nixpkgs": {
      "locked": {
        "lastModified": 1699948764,
        "narHash": "sha256-etefGjZwNF58NmFusFI/4i645HB4ymODXTvWRKOYBA4=",
        "owner": "nixos",
        "repo": "nixpkgs",
        "rev": "4f2bd72692b1aae0a6db485ed3a83d1a933c2cac",
        "type": "github"
      },
      "original": {
        "owner": "nixos",
        "repo": "nixpkgs",
        "rev": "4f2bd72692b1aae0a6db485ed3a83d1a933c2cac",
        "type": "github"
      }
    },
    "nixpkgs_2": {
      "locked": {
        "lastModified": 1686582075,
        "narHash": "sha256-vtflsfKkHtF8IduxDNtbme4cojiqvlvjp5QNYhvoHXc=",
        "owner": "nixos",
        "repo": "nixpkgs",
        "rev": "7e63eed145566cca98158613f3700515b4009ce3",
        "type": "github"
      },
      "original": {
        "owner": "nixos",
        "repo": "nixpkgs",
        "rev": "7e63eed145566cca98158613f3700515b4009ce3",
        "type": "github"
      }
    },
    "nixpkgs_3": {
      "locked": {
        "lastModified": 1686582075,
        "narHash": "sha256-vtflsfKkHtF8IduxDNtbme4cojiqvlvjp5QNYhvoHXc=",
        "owner": "nixos",
        "repo": "nixpkgs",
        "rev": "7e63eed145566cca98158613f3700515b4009ce3",
        "type": "github"
      },
      "original": {
        "owner": "nixos",
        "repo": "nixpkgs",
        "rev": "7e63eed145566cca98158613f3700515b4009ce3",
        "type": "github"
      }
    },
    "nixpkgs_4": {
      "locked": {
        "lastModified": 1686582075,
        "narHash": "sha256-vtflsfKkHtF8IduxDNtbme4cojiqvlvjp5QNYhvoHXc=",
        "owner": "nixos",
        "repo": "nixpkgs",
        "rev": "7e63eed145566cca98158613f3700515b4009ce3",
        "type": "github"
      },
      "original": {
        "owner": "nixos",
        "repo": "nixpkgs",
        "rev": "7e63eed145566cca98158613f3700515b4009ce3",
        "type": "github"
      }
    },
    "nixpkgs_5": {
      "locked": {
        "lastModified": 1686582075,
        "narHash": "sha256-vtflsfKkHtF8IduxDNtbme4cojiqvlvjp5QNYhvoHXc=",
        "owner": "nixos",
        "repo": "nixpkgs",
        "rev": "7e63eed145566cca98158613f3700515b4009ce3",
        "type": "github"
      },
      "original": {
        "owner": "nixos",
        "repo": "nixpkgs",
        "rev": "7e63eed145566cca98158613f3700515b4009ce3",
        "type": "github"
      }
    },
    "nixpkgs_6": {
      "locked": {
        "lastModified": 1686582075,
        "narHash": "sha256-vtflsfKkHtF8IduxDNtbme4cojiqvlvjp5QNYhvoHXc=",
        "owner": "nixos",
        "repo": "nixpkgs",
        "rev": "7e63eed145566cca98158613f3700515b4009ce3",
        "type": "github"
      },
      "original": {
        "owner": "nixos",
        "repo": "nixpkgs",
        "rev": "7e63eed145566cca98158613f3700515b4009ce3",
        "type": "github"
      }
    },
    "nixpkgs_7": {
      "locked": {
        "lastModified": 1686582075,
        "narHash": "sha256-vtflsfKkHtF8IduxDNtbme4cojiqvlvjp5QNYhvoHXc=",
        "owner": "nixos",
        "repo": "nixpkgs",
        "rev": "7e63eed145566cca98158613f3700515b4009ce3",
        "type": "github"
      },
      "original": {
        "owner": "nixos",
        "repo": "nixpkgs",
        "rev": "7e63eed145566cca98158613f3700515b4009ce3",
        "type": "github"
      }
    },
    "nixpkgs_8": {
      "locked": {
        "lastModified": 1686582075,
        "narHash": "sha256-vtflsfKkHtF8IduxDNtbme4cojiqvlvjp5QNYhvoHXc=",
        "owner": "nixos",
        "repo": "nixpkgs",
        "rev": "7e63eed145566cca98158613f3700515b4009ce3",
        "type": "github"
      },
      "original": {
        "owner": "nixos",
        "repo": "nixpkgs",
        "rev": "7e63eed145566cca98158613f3700515b4009ce3",
        "type": "github"
      }
    },
    "polysemy-conc": {
      "inputs": {
        "hix": "hix_6",
        "polysemy-time": "polysemy-time"
      },
      "locked": {
        "lastModified": 1695487841,
        "narHash": "sha256-EKy9ab/uJaL2oUXdzJvSXdnR0JTvrexnIRALtB9QjY0=",
        "ref": "refs/heads/main",
        "rev": "aeff447e442c16e49fca9f892abeaa96ab3bb011",
        "revCount": 252,
        "type": "git",
        "url": "https://git.tryp.io/tek/polysemy-conc"
      },
      "original": {
        "type": "git",
        "url": "https://git.tryp.io/tek/polysemy-conc"
      }
    },
    "polysemy-log": {
      "inputs": {
        "hix": "hix_5",
        "polysemy-conc": "polysemy-conc"
      },
      "locked": {
        "lastModified": 1695488435,
        "narHash": "sha256-y2RPV6jLZTi9BUhF5VgYlkIwER/t9PKjQaYtOL9QqZc=",
        "ref": "refs/heads/main",
        "rev": "ed34547a6ac6374ee303fed1358a05e88174e940",
        "revCount": 103,
        "type": "git",
        "url": "https://git.tryp.io/tek/polysemy-log"
      },
      "original": {
        "type": "git",
        "url": "https://git.tryp.io/tek/polysemy-log"
      }
    },
    "polysemy-test": {
      "inputs": {
        "hix": "hix_8"
      },
      "locked": {
        "lastModified": 1695486735,
        "narHash": "sha256-dGtBvUAka1aXwFZOqpXQSjr6OUIHKQ2871y/mbz+XNU=",
        "ref": "refs/heads/main",
        "rev": "04c40b63ac15b55edd67f0e0bb114531eb87bbc8",
        "revCount": 117,
        "type": "git",
        "url": "https://git.tryp.io/tek/polysemy-test"
      },
      "original": {
        "type": "git",
        "url": "https://git.tryp.io/tek/polysemy-test"
      }
    },
    "polysemy-time": {
      "inputs": {
        "hix": "hix_7",
        "polysemy-test": "polysemy-test"
      },
      "locked": {
        "lastModified": 1695487113,
        "narHash": "sha256-Ael5QrdSRV8VJFln+TuW0xIX4Bpbo+mbuctUwQGI+DA=",
        "ref": "refs/heads/main",
        "rev": "1745050671e71f5a7dfc4d0178d2ff2dd570db12",
        "revCount": 102,
        "type": "git",
        "url": "https://git.tryp.io/tek/polysemy-time"
      },
      "original": {
        "type": "git",
        "url": "https://git.tryp.io/tek/polysemy-time"
      }
    },
    "prelate": {
      "inputs": {
        "exon": "exon",
        "hix": "hix_3",
        "incipit": "incipit"
      },
      "locked": {
        "lastModified": 1700937000,
        "narHash": "sha256-3AlghRrYH4PaGP0fbBr0HhRFFIc6Ly3I9nMiau6UuGA=",
        "ref": "refs/heads/main",
        "rev": "2ac0e956a593926e499dae6fda1eaefe91476331",
        "revCount": 45,
        "type": "git",
        "url": "https://git.tryp.io/tek/prelate"
      },
      "original": {
        "type": "git",
        "url": "https://git.tryp.io/tek/prelate"
      }
    },
    "root": {
      "inputs": {
        "hix": "hix",
        "prelate": "prelate"
      }
    },
    "thax": {
      "locked": {
        "lastModified": 1691091387,
        "narHash": "sha256-i1dc/XqsIQizZ09o2ltX10zhV/3LCc0ZUqsS7enyN+g=",
        "owner": "tek",
        "repo": "thax",
        "rev": "10fa7482d171739414fc0d829005b4055799e4c6",
        "type": "github"
      },
      "original": {
        "owner": "tek",
        "repo": "thax",
        "type": "github"
      }
    },
    "thax_2": {
      "locked": {
        "lastModified": 1691091387,
        "narHash": "sha256-i1dc/XqsIQizZ09o2ltX10zhV/3LCc0ZUqsS7enyN+g=",
        "owner": "tek",
        "repo": "thax",
        "rev": "10fa7482d171739414fc0d829005b4055799e4c6",
        "type": "github"
      },
      "original": {
        "owner": "tek",
        "repo": "thax",
        "type": "github"
      }
    },
    "thax_3": {
      "locked": {
        "lastModified": 1691091387,
        "narHash": "sha256-i1dc/XqsIQizZ09o2ltX10zhV/3LCc0ZUqsS7enyN+g=",
        "owner": "tek",
        "repo": "thax",
        "rev": "10fa7482d171739414fc0d829005b4055799e4c6",
        "type": "github"
      },
      "original": {
        "owner": "tek",
        "repo": "thax",
        "type": "github"
      }
    },
    "thax_4": {
      "locked": {
        "lastModified": 1691091387,
        "narHash": "sha256-i1dc/XqsIQizZ09o2ltX10zhV/3LCc0ZUqsS7enyN+g=",
        "owner": "tek",
        "repo": "thax",
        "rev": "10fa7482d171739414fc0d829005b4055799e4c6",
        "type": "github"
      },
      "original": {
        "owner": "tek",
        "repo": "thax",
        "type": "github"
      }
    },
    "thax_5": {
      "locked": {
        "lastModified": 1691091387,
        "narHash": "sha256-i1dc/XqsIQizZ09o2ltX10zhV/3LCc0ZUqsS7enyN+g=",
        "owner": "tek",
        "repo": "thax",
        "rev": "10fa7482d171739414fc0d829005b4055799e4c6",
        "type": "github"
      },
      "original": {
        "owner": "tek",
        "repo": "thax",
        "type": "github"
      }
    },
    "thax_6": {
      "locked": {
        "lastModified": 1691091387,
        "narHash": "sha256-i1dc/XqsIQizZ09o2ltX10zhV/3LCc0ZUqsS7enyN+g=",
        "owner": "tek",
        "repo": "thax",
        "rev": "10fa7482d171739414fc0d829005b4055799e4c6",
        "type": "github"
      },
      "original": {
        "owner": "tek",
        "repo": "thax",
        "type": "github"
      }
    },
    "thax_7": {
      "locked": {
        "lastModified": 1691091387,
        "narHash": "sha256-i1dc/XqsIQizZ09o2ltX10zhV/3LCc0ZUqsS7enyN+g=",
        "owner": "tek",
        "repo": "thax",
        "rev": "10fa7482d171739414fc0d829005b4055799e4c6",
        "type": "github"
      },
      "original": {
        "owner": "tek",
        "repo": "thax",
        "type": "github"
      }
    }
  },
  "root": "root",
  "version": 7
}
