{
  "nodes": {
    "exon": {
      "inputs": {
        "hix": "hix_2"
      },
      "locked": {
        "lastModified": 1684862295,
        "narHash": "sha256-6ZbtqBSaPm/cSZmGFLhizKwbzdfBSis8MihSq46g3sA=",
        "ref": "refs/heads/main",
        "rev": "de0fa476a84357a4ef5bb3b62fe73db4a70359df",
        "revCount": 58,
        "type": "git",
        "url": "https://git.tryp.io/tek/exon"
      },
      "original": {
        "type": "git",
        "url": "https://git.tryp.io/tek/exon"
      }
    },
    "flake-utils": {
      "locked": {
        "lastModified": 1678901627,
        "narHash": "sha256-U02riOqrKKzwjsxc/400XnElV+UtPUQWpANPlyazjH0=",
        "owner": "numtide",
        "repo": "flake-utils",
        "rev": "93a2b84fc4b70d9e089d029deacc3583435c2ed6",
        "type": "github"
      },
      "original": {
        "owner": "numtide",
        "repo": "flake-utils",
        "type": "github"
      }
    },
    "hix": {
      "inputs": {
        "nixpkgs": "nixpkgs",
        "thax": "thax"
      },
      "locked": {
        "lastModified": 1689275875,
        "narHash": "sha256-hRWVPp+dITFroDctUW81mLdFP291BnLNEmFvIVOz2vQ=",
        "ref": "refs/heads/main",
        "rev": "7cebee2e3c608affff7fa337ff940c9f25facb61",
        "revCount": 463,
        "type": "git",
        "url": "https://git.tryp.io/tek/hix"
      },
      "original": {
        "type": "git",
        "url": "https://git.tryp.io/tek/hix"
      }
    },
    "hix_2": {
      "inputs": {
        "flake-utils": "flake-utils",
        "nixpkgs": "nixpkgs_2",
        "nixpkgs_internal": "nixpkgs_internal",
        "thax": "thax_2"
      },
      "locked": {
        "lastModified": 1681208216,
        "narHash": "sha256-ApDYa7i3QaW192+JLmKQY2hWYP4M4joGb04sWl3+l9w=",
        "ref": "refs/heads/main",
        "rev": "ebd40954a5ad35852ede21aa3d15c8d5414c47cc",
        "revCount": 380,
        "type": "git",
        "url": "https://git.tryp.io/tek/hix"
      },
      "original": {
        "type": "git",
        "url": "https://git.tryp.io/tek/hix"
      }
    },
    "hix_3": {
      "inputs": {
        "nixpkgs": "nixpkgs_3",
        "thax": "thax_3"
      },
      "locked": {
        "lastModified": 1689275875,
        "narHash": "sha256-hRWVPp+dITFroDctUW81mLdFP291BnLNEmFvIVOz2vQ=",
        "ref": "refs/heads/main",
        "rev": "7cebee2e3c608affff7fa337ff940c9f25facb61",
        "revCount": 463,
        "type": "git",
        "url": "https://git.tryp.io/tek/hix"
      },
      "original": {
        "type": "git",
        "url": "https://git.tryp.io/tek/hix"
      }
    },
    "hix_4": {
      "inputs": {
        "nixpkgs": "nixpkgs_4",
        "thax": "thax_4"
      },
      "locked": {
        "lastModified": 1688916558,
        "narHash": "sha256-+gldTFhWRNlmGu3pdgR5xkJ22WE0WiZ08FmbTJSLoss=",
        "ref": "refs/heads/main",
        "rev": "b102ceb95f6a1c45c64b9c01d864f5f81070cc30",
        "revCount": 461,
        "type": "git",
        "url": "https://git.tryp.io/tek/hix"
      },
      "original": {
        "type": "git",
        "url": "https://git.tryp.io/tek/hix"
      }
    },
    "hix_5": {
      "inputs": {
        "nixpkgs": "nixpkgs_5",
        "thax": "thax_5"
      },
      "locked": {
        "lastModified": 1688916558,
        "narHash": "sha256-+gldTFhWRNlmGu3pdgR5xkJ22WE0WiZ08FmbTJSLoss=",
        "ref": "refs/heads/main",
        "rev": "b102ceb95f6a1c45c64b9c01d864f5f81070cc30",
        "revCount": 461,
        "type": "git",
        "url": "https://git.tryp.io/tek/hix"
      },
      "original": {
        "type": "git",
        "url": "https://git.tryp.io/tek/hix"
      }
    },
    "hix_6": {
      "inputs": {
        "nixpkgs": "nixpkgs_6",
        "thax": "thax_6"
      },
      "locked": {
        "lastModified": 1688916558,
        "narHash": "sha256-+gldTFhWRNlmGu3pdgR5xkJ22WE0WiZ08FmbTJSLoss=",
        "ref": "refs/heads/main",
        "rev": "b102ceb95f6a1c45c64b9c01d864f5f81070cc30",
        "revCount": 461,
        "type": "git",
        "url": "https://git.tryp.io/tek/hix"
      },
      "original": {
        "type": "git",
        "url": "https://git.tryp.io/tek/hix"
      }
    },
    "hix_7": {
      "inputs": {
        "nixpkgs": "nixpkgs_7",
        "thax": "thax_7"
      },
      "locked": {
        "lastModified": 1688916558,
        "narHash": "sha256-+gldTFhWRNlmGu3pdgR5xkJ22WE0WiZ08FmbTJSLoss=",
        "ref": "refs/heads/main",
        "rev": "b102ceb95f6a1c45c64b9c01d864f5f81070cc30",
        "revCount": 461,
        "type": "git",
        "url": "https://git.tryp.io/tek/hix"
      },
      "original": {
        "type": "git",
        "url": "https://git.tryp.io/tek/hix"
      }
    },
    "hix_8": {
      "inputs": {
        "nixpkgs": "nixpkgs_8",
        "thax": "thax_8"
      },
      "locked": {
        "lastModified": 1688916558,
        "narHash": "sha256-+gldTFhWRNlmGu3pdgR5xkJ22WE0WiZ08FmbTJSLoss=",
        "ref": "refs/heads/main",
        "rev": "b102ceb95f6a1c45c64b9c01d864f5f81070cc30",
        "revCount": 461,
        "type": "git",
        "url": "https://git.tryp.io/tek/hix"
      },
      "original": {
        "type": "git",
        "url": "https://git.tryp.io/tek/hix"
      }
    },
    "hix_9": {
      "inputs": {
        "nixpkgs": "nixpkgs_9",
        "thax": "thax_9"
      },
      "locked": {
        "lastModified": 1688916558,
        "narHash": "sha256-+gldTFhWRNlmGu3pdgR5xkJ22WE0WiZ08FmbTJSLoss=",
        "ref": "refs/heads/main",
        "rev": "b102ceb95f6a1c45c64b9c01d864f5f81070cc30",
        "revCount": 461,
        "type": "git",
        "url": "https://git.tryp.io/tek/hix"
      },
      "original": {
        "type": "git",
        "url": "https://git.tryp.io/tek/hix"
      }
    },
    "incipit": {
      "inputs": {
        "hix": "hix_4",
        "polysemy-conc": "polysemy-conc",
        "polysemy-log": "polysemy-log"
      },
      "locked": {
        "lastModified": 1689277476,
        "narHash": "sha256-6bBKwyf+rDiRb6nYq+7r2+9UbJac/HMrbXl1b2Os7P0=",
        "ref": "refs/heads/main",
        "rev": "b080949efcaa01f51dfc00b742441188bde8c172",
        "revCount": 63,
        "type": "git",
        "url": "https://git.tryp.io/tek/incipit"
      },
      "original": {
        "type": "git",
        "url": "https://git.tryp.io/tek/incipit"
      }
    },
    "nixpkgs": {
      "locked": {
        "lastModified": 1686582075,
        "narHash": "sha256-vtflsfKkHtF8IduxDNtbme4cojiqvlvjp5QNYhvoHXc=",
        "owner": "nixos",
        "repo": "nixpkgs",
        "rev": "7e63eed145566cca98158613f3700515b4009ce3",
        "type": "github"
      },
      "original": {
        "owner": "nixos",
        "repo": "nixpkgs",
        "rev": "7e63eed145566cca98158613f3700515b4009ce3",
        "type": "github"
      }
    },
    "nixpkgs_2": {
      "locked": {
        "lastModified": 1672057183,
        "narHash": "sha256-GN7/10DNNvs1FPj9tlZA2qgNdFuYKKuS3qlHTqAxasQ=",
        "owner": "NixOS",
        "repo": "nixpkgs",
        "rev": "b139e44d78c36c69bcbb825b20dbfa51e7738347",
        "type": "github"
      },
      "original": {
        "owner": "NixOS",
        "repo": "nixpkgs",
        "rev": "b139e44d78c36c69bcbb825b20dbfa51e7738347",
        "type": "github"
      }
    },
    "nixpkgs_3": {
      "locked": {
        "lastModified": 1686582075,
        "narHash": "sha256-vtflsfKkHtF8IduxDNtbme4cojiqvlvjp5QNYhvoHXc=",
        "owner": "nixos",
        "repo": "nixpkgs",
        "rev": "7e63eed145566cca98158613f3700515b4009ce3",
        "type": "github"
      },
      "original": {
        "owner": "nixos",
        "repo": "nixpkgs",
        "rev": "7e63eed145566cca98158613f3700515b4009ce3",
        "type": "github"
      }
    },
    "nixpkgs_4": {
      "locked": {
        "lastModified": 1686582075,
        "narHash": "sha256-vtflsfKkHtF8IduxDNtbme4cojiqvlvjp5QNYhvoHXc=",
        "owner": "nixos",
        "repo": "nixpkgs",
        "rev": "7e63eed145566cca98158613f3700515b4009ce3",
        "type": "github"
      },
      "original": {
        "owner": "nixos",
        "repo": "nixpkgs",
        "rev": "7e63eed145566cca98158613f3700515b4009ce3",
        "type": "github"
      }
    },
    "nixpkgs_5": {
      "locked": {
        "lastModified": 1686582075,
        "narHash": "sha256-vtflsfKkHtF8IduxDNtbme4cojiqvlvjp5QNYhvoHXc=",
        "owner": "nixos",
        "repo": "nixpkgs",
        "rev": "7e63eed145566cca98158613f3700515b4009ce3",
        "type": "github"
      },
      "original": {
        "owner": "nixos",
        "repo": "nixpkgs",
        "rev": "7e63eed145566cca98158613f3700515b4009ce3",
        "type": "github"
      }
    },
    "nixpkgs_6": {
      "locked": {
        "lastModified": 1686582075,
        "narHash": "sha256-vtflsfKkHtF8IduxDNtbme4cojiqvlvjp5QNYhvoHXc=",
        "owner": "nixos",
        "repo": "nixpkgs",
        "rev": "7e63eed145566cca98158613f3700515b4009ce3",
        "type": "github"
      },
      "original": {
        "owner": "nixos",
        "repo": "nixpkgs",
        "rev": "7e63eed145566cca98158613f3700515b4009ce3",
        "type": "github"
      }
    },
    "nixpkgs_7": {
      "locked": {
        "lastModified": 1686582075,
        "narHash": "sha256-vtflsfKkHtF8IduxDNtbme4cojiqvlvjp5QNYhvoHXc=",
        "owner": "nixos",
        "repo": "nixpkgs",
        "rev": "7e63eed145566cca98158613f3700515b4009ce3",
        "type": "github"
      },
      "original": {
        "owner": "nixos",
        "repo": "nixpkgs",
        "rev": "7e63eed145566cca98158613f3700515b4009ce3",
        "type": "github"
      }
    },
    "nixpkgs_8": {
      "locked": {
        "lastModified": 1686582075,
        "narHash": "sha256-vtflsfKkHtF8IduxDNtbme4cojiqvlvjp5QNYhvoHXc=",
        "owner": "nixos",
        "repo": "nixpkgs",
        "rev": "7e63eed145566cca98158613f3700515b4009ce3",
        "type": "github"
      },
      "original": {
        "owner": "nixos",
        "repo": "nixpkgs",
        "rev": "7e63eed145566cca98158613f3700515b4009ce3",
        "type": "github"
      }
    },
    "nixpkgs_9": {
      "locked": {
        "lastModified": 1686582075,
        "narHash": "sha256-vtflsfKkHtF8IduxDNtbme4cojiqvlvjp5QNYhvoHXc=",
        "owner": "nixos",
        "repo": "nixpkgs",
        "rev": "7e63eed145566cca98158613f3700515b4009ce3",
        "type": "github"
      },
      "original": {
        "owner": "nixos",
        "repo": "nixpkgs",
        "rev": "7e63eed145566cca98158613f3700515b4009ce3",
        "type": "github"
      }
    },
    "nixpkgs_internal": {
      "locked": {
        "lastModified": 1679109242,
        "narHash": "sha256-m5g2jauKuB6SB2u9eQ4CXSfNhW6Yb0l6lZO1zTIVJpo=",
        "owner": "NixOS",
        "repo": "nixpkgs",
        "rev": "f012515eb23bcda6a18ee606b7071dd0b2740d66",
        "type": "github"
      },
      "original": {
        "owner": "NixOS",
        "repo": "nixpkgs",
        "rev": "f012515eb23bcda6a18ee606b7071dd0b2740d66",
        "type": "github"
      }
    },
    "polysemy-conc": {
      "inputs": {
        "hix": "hix_5",
        "polysemy-time": "polysemy-time"
      },
      "locked": {
        "lastModified": 1689104277,
        "narHash": "sha256-vaCNvwc6rVxMq+qXVQUIQajecMohRvYqM3wY3sJV9eY=",
        "ref": "refs/heads/main",
        "rev": "087ea441a8a00757a11f1bd21cb5a4113045844a",
        "revCount": 244,
        "type": "git",
        "url": "https://git.tryp.io/tek/polysemy-conc"
      },
      "original": {
        "type": "git",
        "url": "https://git.tryp.io/tek/polysemy-conc"
      }
    },
    "polysemy-conc_2": {
      "inputs": {
        "hix": "hix_8",
        "polysemy-time": "polysemy-time_2"
      },
      "locked": {
        "lastModified": 1689104277,
        "narHash": "sha256-vaCNvwc6rVxMq+qXVQUIQajecMohRvYqM3wY3sJV9eY=",
        "ref": "refs/heads/main",
        "rev": "087ea441a8a00757a11f1bd21cb5a4113045844a",
        "revCount": 244,
        "type": "git",
        "url": "https://git.tryp.io/tek/polysemy-conc"
      },
      "original": {
        "type": "git",
        "url": "https://git.tryp.io/tek/polysemy-conc"
      }
    },
    "polysemy-log": {
      "inputs": {
        "hix": "hix_7",
        "polysemy-conc": "polysemy-conc_2"
      },
      "locked": {
        "lastModified": 1689104311,
        "narHash": "sha256-WBOzzCgM2yP9HXl2IUgSMDfMVZqWvbJZolWWL1dB+NQ=",
        "ref": "refs/heads/main",
        "rev": "a299ac604be154f4e0135d3b47d5577e515fa827",
        "revCount": 95,
        "type": "git",
        "url": "https://git.tryp.io/tek/polysemy-log"
      },
      "original": {
        "type": "git",
        "url": "https://git.tryp.io/tek/polysemy-log"
      }
    },
    "polysemy-time": {
      "inputs": {
        "hix": "hix_6"
      },
      "locked": {
        "lastModified": 1689104149,
        "narHash": "sha256-oQVPP0UvKlPcYnzoSfOx1EZiYJq2FPJCHmJ/cEF66o8=",
        "ref": "refs/heads/main",
        "rev": "9ff9bc476bd5ca8dd1068233ee3c0243e8ebb836",
        "revCount": 97,
        "type": "git",
        "url": "https://git.tryp.io/tek/polysemy-time"
      },
      "original": {
        "type": "git",
        "url": "https://git.tryp.io/tek/polysemy-time"
      }
    },
    "polysemy-time_2": {
      "inputs": {
        "hix": "hix_9"
      },
      "locked": {
        "lastModified": 1689104149,
        "narHash": "sha256-oQVPP0UvKlPcYnzoSfOx1EZiYJq2FPJCHmJ/cEF66o8=",
        "ref": "refs/heads/main",
        "rev": "9ff9bc476bd5ca8dd1068233ee3c0243e8ebb836",
        "revCount": 97,
        "type": "git",
        "url": "https://git.tryp.io/tek/polysemy-time"
      },
      "original": {
        "type": "git",
        "url": "https://git.tryp.io/tek/polysemy-time"
      }
    },
    "prelate": {
      "inputs": {
        "exon": "exon",
        "hix": "hix_3",
        "incipit": "incipit"
      },
      "locked": {
        "lastModified": 1689277521,
        "narHash": "sha256-iOLc+jsD63UquebGEgeVQ09YU1gB3aKAXYMYE8wVRd4=",
        "ref": "refs/heads/main",
        "rev": "ad5164a41762ad7a1b454199dfc6f3a3de8ba292",
        "revCount": 37,
        "type": "git",
        "url": "https://git.tryp.io/tek/prelate"
      },
      "original": {
        "type": "git",
        "url": "https://git.tryp.io/tek/prelate"
      }
    },
    "root": {
      "inputs": {
        "hix": "hix",
        "prelate": "prelate"
      }
    },
    "thax": {
      "locked": {
        "lastModified": 1677960812,
        "narHash": "sha256-FYkZZVTMBo0dtqPr73tadUz+69jgQBo2S4qKOxTGWZ4=",
        "owner": "tek",
        "repo": "thax",
        "rev": "4b4f68d0232e1f707d97bbcaab0d5534b97ba94f",
        "type": "github"
      },
      "original": {
        "owner": "tek",
        "repo": "thax",
        "type": "github"
      }
    },
    "thax_2": {
      "locked": {
        "lastModified": 1677960812,
        "narHash": "sha256-FYkZZVTMBo0dtqPr73tadUz+69jgQBo2S4qKOxTGWZ4=",
        "owner": "tek",
        "repo": "thax",
        "rev": "4b4f68d0232e1f707d97bbcaab0d5534b97ba94f",
        "type": "github"
      },
      "original": {
        "owner": "tek",
        "repo": "thax",
        "type": "github"
      }
    },
    "thax_3": {
      "locked": {
        "lastModified": 1677960812,
        "narHash": "sha256-FYkZZVTMBo0dtqPr73tadUz+69jgQBo2S4qKOxTGWZ4=",
        "owner": "tek",
        "repo": "thax",
        "rev": "4b4f68d0232e1f707d97bbcaab0d5534b97ba94f",
        "type": "github"
      },
      "original": {
        "owner": "tek",
        "repo": "thax",
        "type": "github"
      }
    },
    "thax_4": {
      "locked": {
        "lastModified": 1677960812,
        "narHash": "sha256-FYkZZVTMBo0dtqPr73tadUz+69jgQBo2S4qKOxTGWZ4=",
        "owner": "tek",
        "repo": "thax",
        "rev": "4b4f68d0232e1f707d97bbcaab0d5534b97ba94f",
        "type": "github"
      },
      "original": {
        "owner": "tek",
        "repo": "thax",
        "type": "github"
      }
    },
    "thax_5": {
      "locked": {
        "lastModified": 1677960812,
        "narHash": "sha256-FYkZZVTMBo0dtqPr73tadUz+69jgQBo2S4qKOxTGWZ4=",
        "owner": "tek",
        "repo": "thax",
        "rev": "4b4f68d0232e1f707d97bbcaab0d5534b97ba94f",
        "type": "github"
      },
      "original": {
        "owner": "tek",
        "repo": "thax",
        "type": "github"
      }
    },
    "thax_6": {
      "locked": {
        "lastModified": 1677960812,
        "narHash": "sha256-FYkZZVTMBo0dtqPr73tadUz+69jgQBo2S4qKOxTGWZ4=",
        "owner": "tek",
        "repo": "thax",
        "rev": "4b4f68d0232e1f707d97bbcaab0d5534b97ba94f",
        "type": "github"
      },
      "original": {
        "owner": "tek",
        "repo": "thax",
        "type": "github"
      }
    },
    "thax_7": {
      "locked": {
        "lastModified": 1677960812,
        "narHash": "sha256-FYkZZVTMBo0dtqPr73tadUz+69jgQBo2S4qKOxTGWZ4=",
        "owner": "tek",
        "repo": "thax",
        "rev": "4b4f68d0232e1f707d97bbcaab0d5534b97ba94f",
        "type": "github"
      },
      "original": {
        "owner": "tek",
        "repo": "thax",
        "type": "github"
      }
    },
    "thax_8": {
      "locked": {
        "lastModified": 1677960812,
        "narHash": "sha256-FYkZZVTMBo0dtqPr73tadUz+69jgQBo2S4qKOxTGWZ4=",
        "owner": "tek",
        "repo": "thax",
        "rev": "4b4f68d0232e1f707d97bbcaab0d5534b97ba94f",
        "type": "github"
      },
      "original": {
        "owner": "tek",
        "repo": "thax",
        "type": "github"
      }
    },
    "thax_9": {
      "locked": {
        "lastModified": 1677960812,
        "narHash": "sha256-FYkZZVTMBo0dtqPr73tadUz+69jgQBo2S4qKOxTGWZ4=",
        "owner": "tek",
        "repo": "thax",
        "rev": "4b4f68d0232e1f707d97bbcaab0d5534b97ba94f",
        "type": "github"
      },
      "original": {
        "owner": "tek",
        "repo": "thax",
        "type": "github"
      }
    }
  },
  "root": "root",
  "version": 7
}
